
Microsoft Visual Studio Solution File, Format Version 12.00
# Visual Studio Version 17
VisualStudioVersion = 17.12.35707.178
MinimumVisualStudioVersion = 10.0.40219.1
Project("{2150E333-8FDC-42A3-9474-1A3956D46DE8}") = "01 - API", "01 - API", "{FFD7FAC2-DECF-443E-B64F-F30F6669E1AF}"
EndProject
Project("{2150E333-8FDC-42A3-9474-1A3956D46DE8}") = "02 - Application", "02 - Application", "{C3195B9D-B5B0-4C0E-9C84-8AD05F254543}"
EndProject
Project("{2150E333-8FDC-42A3-9474-1A3956D46DE8}") = "03 - Domain", "03 - Domain", "{9BC7816F-692B-4C70-86E8-47DD98129766}"
EndProject
Project("{2150E333-8FDC-42A3-9474-1A3956D46DE8}") = "04 - Infra", "04 - Infra", "{9FACB30E-C5F1-4E4C-BE5B-FA3B8835EC34}"
EndProject
Project("{2150E333-8FDC-42A3-9474-1A3956D46DE8}") = "05 - Test", "05 - Test", "{E7788098-A2EE-4233-B20B-819B293EA0A2}"
EndProject
Project("{FAE04EC0-301F-11D3-BF4B-00C04F79EFBC}") = "Pagamento.Application", "Pagamento.Application\Pagamento.Application.csproj", "{FC35EA10-CC95-870A-51A8-64C832C6424F}"
EndProject
Project("{FAE04EC0-301F-11D3-BF4B-00C04F79EFBC}") = "Pagamento.Domain", "Pagamento.Domain\Pagamento.Domain.csproj", "{C8F0B8AE-AAA3-B11E-7512-05620938E5FB}"
EndProject
Project("{FAE04EC0-301F-11D3-BF4B-00C04F79EFBC}") = "Pagamento.Infrastructure", "Pagamento.Infrastructure\Pagamento.Infrastructure.csproj", "{4689C629-187E-A09B-A581-202FB71F821F}"
EndProject
Project("{FAE04EC0-301F-11D3-BF4B-00C04F79EFBC}") = "Test", "Test\Test.csproj", "{A629D7CE-CD62-4674-8283-98EC3F9BDB09}"
EndProject
Project("{FAE04EC0-301F-11D3-BF4B-00C04F79EFBC}") = "Pagamento.API", "..\..\pagamento-veiculo-service\src\Pagamento.API\Pagamento.API.csproj", "{4CDAD8ED-2BF0-3B79-D99C-D7DC6618A2C3}"
EndProject
Global
	GlobalSection(SolutionConfigurationPlatforms) = preSolution
		Debug|Any CPU = Debug|Any CPU
		Release|Any CPU = Release|Any CPU
	EndGlobalSection
	GlobalSection(ProjectConfigurationPlatforms) = postSolution
		{FC35EA10-CC95-870A-51A8-64C832C6424F}.Debug|Any CPU.ActiveCfg = Debug|Any CPU
		{FC35EA10-CC95-870A-51A8-64C832C6424F}.Debug|Any CPU.Build.0 = Debug|Any CPU
		{FC35EA10-CC95-870A-51A8-64C832C6424F}.Release|Any CPU.ActiveCfg = Release|Any CPU
		{FC35EA10-CC95-870A-51A8-64C832C6424F}.Release|Any CPU.Build.0 = Release|Any CPU
		{C8F0B8AE-AAA3-B11E-7512-05620938E5FB}.Debug|Any CPU.ActiveCfg = Debug|Any CPU
		{C8F0B8AE-AAA3-B11E-7512-05620938E5FB}.Debug|Any CPU.Build.0 = Debug|Any CPU
		{C8F0B8AE-AAA3-B11E-7512-05620938E5FB}.Release|Any CPU.ActiveCfg = Release|Any CPU
		{C8F0B8AE-AAA3-B11E-7512-05620938E5FB}.Release|Any CPU.Build.0 = Release|Any CPU
		{4689C629-187E-A09B-A581-202FB71F821F}.Debug|Any CPU.ActiveCfg = Debug|Any CPU
		{4689C629-187E-A09B-A581-202FB71F821F}.Debug|Any CPU.Build.0 = Debug|Any CPU
		{4689C629-187E-A09B-A581-202FB71F821F}.Release|Any CPU.ActiveCfg = Release|Any CPU
		{4689C629-187E-A09B-A581-202FB71F821F}.Release|Any CPU.Build.0 = Release|Any CPU
		{A629D7CE-CD62-4674-8283-98EC3F9BDB09}.Debug|Any CPU.ActiveCfg = Debug|Any CPU
		{A629D7CE-CD62-4674-8283-98EC3F9BDB09}.Debug|Any CPU.Build.0 = Debug|Any CPU
		{A629D7CE-CD62-4674-8283-98EC3F9BDB09}.Release|Any CPU.ActiveCfg = Release|Any CPU
		{A629D7CE-CD62-4674-8283-98EC3F9BDB09}.Release|Any CPU.Build.0 = Release|Any CPU
		{4CDAD8ED-2BF0-3B79-D99C-D7DC6618A2C3}.Debug|Any CPU.ActiveCfg = Debug|Any CPU
		{4CDAD8ED-2BF0-3B79-D99C-D7DC6618A2C3}.Debug|Any CPU.Build.0 = Debug|Any CPU
		{4CDAD8ED-2BF0-3B79-D99C-D7DC6618A2C3}.Release|Any CPU.ActiveCfg = Release|Any CPU
		{4CDAD8ED-2BF0-3B79-D99C-D7DC6618A2C3}.Release|Any CPU.Build.0 = Release|Any CPU
	EndGlobalSection
	GlobalSection(SolutionProperties) = preSolution
		HideSolutionNode = FALSE
	EndGlobalSection
	GlobalSection(NestedProjects) = preSolution
		{FC35EA10-CC95-870A-51A8-64C832C6424F} = {C3195B9D-B5B0-4C0E-9C84-8AD05F254543}
		{C8F0B8AE-AAA3-B11E-7512-05620938E5FB} = {9BC7816F-692B-4C70-86E8-47DD98129766}
		{4689C629-187E-A09B-A581-202FB71F821F} = {9FACB30E-C5F1-4E4C-BE5B-FA3B8835EC34}
		{A629D7CE-CD62-4674-8283-98EC3F9BDB09} = {E7788098-A2EE-4233-B20B-819B293EA0A2}
		{4CDAD8ED-2BF0-3B79-D99C-D7DC6618A2C3} = {FFD7FAC2-DECF-443E-B64F-F30F6669E1AF}
	EndGlobalSection
	GlobalSection(ExtensibilityGlobals) = postSolution
		SolutionGuid = {47EA60FC-8E23-45F3-8AD2-EF0B6361B747}
	EndGlobalSection
EndGlobal
